
Microsoft Visual Studio Solution File, Format Version 12.00
# Visual Studio Version 17
VisualStudioVersion = 17.14.36603.0
MinimumVisualStudioVersion = 10.0.40219.1
Project("{8BC9CEB8-8B4A-11D0-8D11-00A0C91BC942}") = "assignment-1-1", "assignment-1\assignment-1.vcxproj", "{B64671DF-B62E-428E-9C20-2FA9667171E0}"
EndProject
Project("{8BC9CEB8-8B4A-11D0-8D11-00A0C91BC942}") = "assignment-1-2", "assignment-2\assignment-2.vcxproj", "{2ACCE6B9-690D-4E6B-82BF-0557ED882B85}"
EndProject
Project("{8BC9CEB8-8B4A-11D0-8D11-00A0C91BC942}") = "assignment-1-3", "assignment-3\assignment-3.vcxproj", "{F0BCFF93-F283-4F0F-90AA-99C468199D46}"
EndProject
Project("{8BC9CEB8-8B4A-11D0-8D11-00A0C91BC942}") = "assignment-1-4", "assignment-4\assignment-4.vcxproj", "{D0441C96-6BB7-4BEB-8A4F-2A4203E29C5F}"
EndProject
Project("{8BC9CEB8-8B4A-11D0-8D11-00A0C91BC942}") = "assignment-1-5", "assignment-5\assignment-5.vcxproj", "{007FC8FC-8A25-47C6-8E20-E2190D2EC426}"
EndProject
Project("{8BC9CEB8-8B4A-11D0-8D11-00A0C91BC942}") = "assignment-1-6", "assignment-6\assignment-6.vcxproj", "{49C8DBFB-5B9D-4B14-9B64-80CBD3221AB1}"
EndProject
Project("{8BC9CEB8-8B4A-11D0-8D11-00A0C91BC942}") = "assignment-1-7", "assignment-7\assignment-7.vcxproj", "{A719E23E-6F5E-47E9-8317-27E7D5C686B6}"
EndProject
Project("{8BC9CEB8-8B4A-11D0-8D11-00A0C91BC942}") = "assignment2-1", "assignment2-1\assignment2-1.vcxproj", "{A7D1916D-28D7-499F-8BBD-CFE1FC3EB2CC}"
EndProject
Project("{8BC9CEB8-8B4A-11D0-8D11-00A0C91BC942}") = "assignment2-2", "assignment2-2\assignment2-2.vcxproj", "{E9428977-13F8-4502-B5C0-0B4B33C9FFB6}"
EndProject
Project("{8BC9CEB8-8B4A-11D0-8D11-00A0C91BC942}") = "assignment2-3", "assignment2-3\assignment2-3.vcxproj", "{CB71B436-873B-4369-B0B7-D318363B7F6C}"
EndProject
Project("{8BC9CEB8-8B4A-11D0-8D11-00A0C91BC942}") = "assignment2-4", "assignment2-4\assignment2-4.vcxproj", "{D9538FAE-821C-4951-9850-1AE83AE9EA84}"
EndProject
Project("{8BC9CEB8-8B4A-11D0-8D11-00A0C91BC942}") = "assignment2-5", "assignment2-5\assignment2-5.vcxproj", "{2A264FB9-2D37-41B7-BCF1-7AAB918B5620}"
EndProject
Project("{8BC9CEB8-8B4A-11D0-8D11-00A0C91BC942}") = "assignment2-6", "assignment2-6\assignment2-6.vcxproj", "{510DDCB5-CC62-4728-A44C-C3F5A11E878A}"
EndProject
Project("{8BC9CEB8-8B4A-11D0-8D11-00A0C91BC942}") = "assignment3-1", "assignment3-1\assignment3-1.vcxproj", "{A30D754A-6D5F-4018-BCD9-B7B2BBA3391D}"
EndProject
Project("{8BC9CEB8-8B4A-11D0-8D11-00A0C91BC942}") = "assignment3-2", "assignment3-2\assignment3-2.vcxproj", "{7C7FE1F2-F434-4688-8C2D-139E370E3447}"
EndProject
Project("{8BC9CEB8-8B4A-11D0-8D11-00A0C91BC942}") = "assignment3-4", "assignment3-4\assignment3-4.vcxproj", "{4AE04AF5-6F0D-4412-9B58-89AE8FB313AE}"
EndProject
Project("{8BC9CEB8-8B4A-11D0-8D11-00A0C91BC942}") = "assignment3-5", "assignment3-5\assignment3-5.vcxproj", "{9010A5EE-8FB6-451A-B093-F1FD5791A879}"
EndProject
Project("{8BC9CEB8-8B4A-11D0-8D11-00A0C91BC942}") = "assignment3-6", "assignment3-6\assignment3-6.vcxproj", "{1ACA25DC-2EA2-4FCD-8CD7-EE191644FFDD}"
EndProject
Project("{8BC9CEB8-8B4A-11D0-8D11-00A0C91BC942}") = "assignment4-1", "assignment4-1\assignment4-1.vcxproj", "{A6A2004A-6E3D-4822-9517-9CBD7E4DEF82}"
EndProject
Project("{8BC9CEB8-8B4A-11D0-8D11-00A0C91BC942}") = "assignment4-2", "assignment4-2\assignment4-2.vcxproj", "{850BFA65-B8BA-4453-A528-A519C6B73E18}"
EndProject
Project("{8BC9CEB8-8B4A-11D0-8D11-00A0C91BC942}") = "assignment4-3", "assignment4-3\assignment4-3.vcxproj", "{0BF479C1-9E9C-4CBD-8C28-D7024A2DEEF7}"
EndProject
Project("{8BC9CEB8-8B4A-11D0-8D11-00A0C91BC942}") = "assignment4-4", "assignment4-4\assignment4-4.vcxproj", "{F880EE31-B0CF-44AD-9BB1-99E46F2D1CDC}"
EndProject
Project("{8BC9CEB8-8B4A-11D0-8D11-00A0C91BC942}") = "assignment4-5", "assignment4-5\assignment4-5.vcxproj", "{9BBA4F4F-7C0A-45C1-9CD4-CBE5ED470CEB}"
EndProject
Project("{8BC9CEB8-8B4A-11D0-8D11-00A0C91BC942}") = "assignment4-6", "assignment4-6\assignment4-6.vcxproj", "{5BDE9DFD-2742-49C3-8A70-843D5A89275F}"
EndProject
Project("{8BC9CEB8-8B4A-11D0-8D11-00A0C91BC942}") = "assignment5-1", "assignment5-1\assignment5-1.vcxproj", "{90B82DCE-C88A-40C7-9BC3-179B9AD10E59}"
EndProject
Project("{8BC9CEB8-8B4A-11D0-8D11-00A0C91BC942}") = "assignment5-2", "assignment5-2\assignment5-2.vcxproj", "{ADC5D610-4129-4EF1-BF25-D594D9AACABF}"
EndProject
Project("{8BC9CEB8-8B4A-11D0-8D11-00A0C91BC942}") = "assignment5-3", "assignment5-3\assignment5-3.vcxproj", "{5649A7A5-D6E0-4B4F-B136-CBE979BDDB00}"
EndProject
Project("{8BC9CEB8-8B4A-11D0-8D11-00A0C91BC942}") = "assignment5-4", "assignment5-4\assignment5-4.vcxproj", "{A46F3651-390F-462A-A5F6-59F27292D69F}"
EndProject
Project("{8BC9CEB8-8B4A-11D0-8D11-00A0C91BC942}") = "assignment5-5", "assignment5-5\assignment5-5.vcxproj", "{62297F5D-C3A5-49F3-9B38-F24549EB0CD2}"
EndProject
Project("{8BC9CEB8-8B4A-11D0-8D11-00A0C91BC942}") = "assignment5-6", "assignment5-6\assignment5-6.vcxproj", "{E617B6F7-ACB5-4BE0-83AC-E20336DABAC8}"
EndProject
Project("{8BC9CEB8-8B4A-11D0-8D11-00A0C91BC942}") = "assignment6-1", "assignment6-1\assignment6-1.vcxproj", "{80756CC2-8359-4AB8-9A94-B8CE51C14010}"
EndProject
Project("{8BC9CEB8-8B4A-11D0-8D11-00A0C91BC942}") = "assignment6-2", "assignment6-2\assignment6-2.vcxproj", "{3F7F8FBD-3A96-49A2-90F5-CCD04F5945CE}"
EndProject
Project("{8BC9CEB8-8B4A-11D0-8D11-00A0C91BC942}") = "assignment6-3", "assignment6-3\assignment6-3.vcxproj", "{85F83C9D-9336-4A7E-BB03-F95954A0A8D5}"
EndProject
Project("{8BC9CEB8-8B4A-11D0-8D11-00A0C91BC942}") = "assignment6-4", "assignment6-4\assignment6-4.vcxproj", "{E6B3EFA0-D792-4137-ACCF-11A5FBD03ADE}"
EndProject
Project("{8BC9CEB8-8B4A-11D0-8D11-00A0C91BC942}") = "assignment6-5", "assignment6-5\assignment6-5.vcxproj", "{D9D6B1FF-C888-4CCD-9C7F-6B3CC84D8B0E}"
EndProject
Project("{8BC9CEB8-8B4A-11D0-8D11-00A0C91BC942}") = "assignment6-6", "assignment6-6\assignment6-6.vcxproj", "{F857DCA0-0DC4-4C5E-8089-34F0951CA15A}"
EndProject
Project("{8BC9CEB8-8B4A-11D0-8D11-00A0C91BC942}") = "assignment7-1", "assignment7-1\assignment7-1.vcxproj", "{C89F1FF0-DD83-4967-B164-06EBC1F8A8FE}"
EndProject
Project("{8BC9CEB8-8B4A-11D0-8D11-00A0C91BC942}") = "assignment7-2", "assignment7-2\assignment7-2.vcxproj", "{758A353D-D880-4186-AFD6-1CF56E27DAA0}"
EndProject
Project("{8BC9CEB8-8B4A-11D0-8D11-00A0C91BC942}") = "assignment7-3", "assignment7-3\assignment7-3.vcxproj", "{2A6B34E3-B5B6-4149-BC5E-928E8BB13AB3}"
EndProject
Project("{8BC9CEB8-8B4A-11D0-8D11-00A0C91BC942}") = "assignment7-4", "assignment7-4\assignment7-4.vcxproj", "{9C5D8F36-9A54-4CB4-9544-BBC07F44A474}"
EndProject
Project("{8BC9CEB8-8B4A-11D0-8D11-00A0C91BC942}") = "assignment8-1", "assignment8-1\assignment8-1.vcxproj", "{4D6C247E-1A06-45C3-96C2-68F1FE50F13D}"
EndProject
Project("{8BC9CEB8-8B4A-11D0-8D11-00A0C91BC942}") = "assignment8-2", "assignment8-2\assignment8-2.vcxproj", "{59F8784C-89F1-494D-B651-A1C4A9933992}"
EndProject
Project("{8BC9CEB8-8B4A-11D0-8D11-00A0C91BC942}") = "assignment8-3", "assignment8-3\assignment8-3.vcxproj", "{33D63790-D33F-40E1-B09A-4169454F7CE9}"
EndProject
Project("{8BC9CEB8-8B4A-11D0-8D11-00A0C91BC942}") = "assignment8-4", "assignment8-4\assignment8-4.vcxproj", "{488DF022-F0EC-4976-B661-7E615E670036}"
EndProject
Project("{8BC9CEB8-8B4A-11D0-8D11-00A0C91BC942}") = "assignment8-5", "assignment8-5\assignment8-5.vcxproj", "{7E1830C6-18B5-4D86-8849-F5E9DF805DCB}"
EndProject
Project("{8BC9CEB8-8B4A-11D0-8D11-00A0C91BC942}") = "assignment8-6", "assignment8-6\assignment8-6.vcxproj", "{C49B5AD0-B04C-4746-AB7D-EDECEB06F642}"
EndProject
Project("{8BC9CEB8-8B4A-11D0-8D11-00A0C91BC942}") = "assignment9-1", "assignment9-1\assignment9-1.vcxproj", "{3F4C45BE-0741-40BC-802C-9B4756C4D850}"
EndProject
Project("{8BC9CEB8-8B4A-11D0-8D11-00A0C91BC942}") = "assignment9-2", "assignment9-2\assignment9-2.vcxproj", "{62A82064-C343-4FEB-822C-124180701818}"
EndProject
Project("{8BC9CEB8-8B4A-11D0-8D11-00A0C91BC942}") = "assignment9-3", "assignment9-3\assignment9-3.vcxproj", "{47E3CB8B-13F4-4B9C-A1AB-12CA4375D11A}"
EndProject
Global
	GlobalSection(SolutionConfigurationPlatforms) = preSolution
		Debug|x64 = Debug|x64
		Debug|x86 = Debug|x86
		Release|x64 = Release|x64
		Release|x86 = Release|x86
	EndGlobalSection
	GlobalSection(ProjectConfigurationPlatforms) = postSolution
		{B64671DF-B62E-428E-9C20-2FA9667171E0}.Debug|x64.ActiveCfg = Debug|x64
		{B64671DF-B62E-428E-9C20-2FA9667171E0}.Debug|x64.Build.0 = Debug|x64
		{B64671DF-B62E-428E-9C20-2FA9667171E0}.Debug|x86.ActiveCfg = Debug|Win32
		{B64671DF-B62E-428E-9C20-2FA9667171E0}.Debug|x86.Build.0 = Debug|Win32
		{B64671DF-B62E-428E-9C20-2FA9667171E0}.Release|x64.ActiveCfg = Release|x64
		{B64671DF-B62E-428E-9C20-2FA9667171E0}.Release|x64.Build.0 = Release|x64
		{B64671DF-B62E-428E-9C20-2FA9667171E0}.Release|x86.ActiveCfg = Release|Win32
		{B64671DF-B62E-428E-9C20-2FA9667171E0}.Release|x86.Build.0 = Release|Win32
		{2ACCE6B9-690D-4E6B-82BF-0557ED882B85}.Debug|x64.ActiveCfg = Debug|x64
		{2ACCE6B9-690D-4E6B-82BF-0557ED882B85}.Debug|x64.Build.0 = Debug|x64
		{2ACCE6B9-690D-4E6B-82BF-0557ED882B85}.Debug|x86.ActiveCfg = Debug|Win32
		{2ACCE6B9-690D-4E6B-82BF-0557ED882B85}.Debug|x86.Build.0 = Debug|Win32
		{2ACCE6B9-690D-4E6B-82BF-0557ED882B85}.Release|x64.ActiveCfg = Release|x64
		{2ACCE6B9-690D-4E6B-82BF-0557ED882B85}.Release|x64.Build.0 = Release|x64
		{2ACCE6B9-690D-4E6B-82BF-0557ED882B85}.Release|x86.ActiveCfg = Release|Win32
		{2ACCE6B9-690D-4E6B-82BF-0557ED882B85}.Release|x86.Build.0 = Release|Win32
		{F0BCFF93-F283-4F0F-90AA-99C468199D46}.Debug|x64.ActiveCfg = Debug|x64
		{F0BCFF93-F283-4F0F-90AA-99C468199D46}.Debug|x64.Build.0 = Debug|x64
		{F0BCFF93-F283-4F0F-90AA-99C468199D46}.Debug|x86.ActiveCfg = Debug|Win32
		{F0BCFF93-F283-4F0F-90AA-99C468199D46}.Debug|x86.Build.0 = Debug|Win32
		{F0BCFF93-F283-4F0F-90AA-99C468199D46}.Release|x64.ActiveCfg = Release|x64
		{F0BCFF93-F283-4F0F-90AA-99C468199D46}.Release|x64.Build.0 = Release|x64
		{F0BCFF93-F283-4F0F-90AA-99C468199D46}.Release|x86.ActiveCfg = Release|Win32
		{F0BCFF93-F283-4F0F-90AA-99C468199D46}.Release|x86.Build.0 = Release|Win32
		{D0441C96-6BB7-4BEB-8A4F-2A4203E29C5F}.Debug|x64.ActiveCfg = Debug|x64
		{D0441C96-6BB7-4BEB-8A4F-2A4203E29C5F}.Debug|x64.Build.0 = Debug|x64
		{D0441C96-6BB7-4BEB-8A4F-2A4203E29C5F}.Debug|x86.ActiveCfg = Debug|Win32
		{D0441C96-6BB7-4BEB-8A4F-2A4203E29C5F}.Debug|x86.Build.0 = Debug|Win32
		{D0441C96-6BB7-4BEB-8A4F-2A4203E29C5F}.Release|x64.ActiveCfg = Release|x64
		{D0441C96-6BB7-4BEB-8A4F-2A4203E29C5F}.Release|x64.Build.0 = Release|x64
		{D0441C96-6BB7-4BEB-8A4F-2A4203E29C5F}.Release|x86.ActiveCfg = Release|Win32
		{D0441C96-6BB7-4BEB-8A4F-2A4203E29C5F}.Release|x86.Build.0 = Release|Win32
		{007FC8FC-8A25-47C6-8E20-E2190D2EC426}.Debug|x64.ActiveCfg = Debug|x64
		{007FC8FC-8A25-47C6-8E20-E2190D2EC426}.Debug|x64.Build.0 = Debug|x64
		{007FC8FC-8A25-47C6-8E20-E2190D2EC426}.Debug|x86.ActiveCfg = Debug|Win32
		{007FC8FC-8A25-47C6-8E20-E2190D2EC426}.Debug|x86.Build.0 = Debug|Win32
		{007FC8FC-8A25-47C6-8E20-E2190D2EC426}.Release|x64.ActiveCfg = Release|x64
		{007FC8FC-8A25-47C6-8E20-E2190D2EC426}.Release|x64.Build.0 = Release|x64
		{007FC8FC-8A25-47C6-8E20-E2190D2EC426}.Release|x86.ActiveCfg = Release|Win32
		{007FC8FC-8A25-47C6-8E20-E2190D2EC426}.Release|x86.Build.0 = Release|Win32
		{49C8DBFB-5B9D-4B14-9B64-80CBD3221AB1}.Debug|x64.ActiveCfg = Debug|x64
		{49C8DBFB-5B9D-4B14-9B64-80CBD3221AB1}.Debug|x64.Build.0 = Debug|x64
		{49C8DBFB-5B9D-4B14-9B64-80CBD3221AB1}.Debug|x86.ActiveCfg = Debug|Win32
		{49C8DBFB-5B9D-4B14-9B64-80CBD3221AB1}.Debug|x86.Build.0 = Debug|Win32
		{49C8DBFB-5B9D-4B14-9B64-80CBD3221AB1}.Release|x64.ActiveCfg = Release|x64
		{49C8DBFB-5B9D-4B14-9B64-80CBD3221AB1}.Release|x64.Build.0 = Release|x64
		{49C8DBFB-5B9D-4B14-9B64-80CBD3221AB1}.Release|x86.ActiveCfg = Release|Win32
		{49C8DBFB-5B9D-4B14-9B64-80CBD3221AB1}.Release|x86.Build.0 = Release|Win32
		{A719E23E-6F5E-47E9-8317-27E7D5C686B6}.Debug|x64.ActiveCfg = Debug|x64
		{A719E23E-6F5E-47E9-8317-27E7D5C686B6}.Debug|x64.Build.0 = Debug|x64
		{A719E23E-6F5E-47E9-8317-27E7D5C686B6}.Debug|x86.ActiveCfg = Debug|Win32
		{A719E23E-6F5E-47E9-8317-27E7D5C686B6}.Debug|x86.Build.0 = Debug|Win32
		{A719E23E-6F5E-47E9-8317-27E7D5C686B6}.Release|x64.ActiveCfg = Release|x64
		{A719E23E-6F5E-47E9-8317-27E7D5C686B6}.Release|x64.Build.0 = Release|x64
		{A719E23E-6F5E-47E9-8317-27E7D5C686B6}.Release|x86.ActiveCfg = Release|Win32
		{A719E23E-6F5E-47E9-8317-27E7D5C686B6}.Release|x86.Build.0 = Release|Win32
		{A7D1916D-28D7-499F-8BBD-CFE1FC3EB2CC}.Debug|x64.ActiveCfg = Debug|x64
		{A7D1916D-28D7-499F-8BBD-CFE1FC3EB2CC}.Debug|x64.Build.0 = Debug|x64
		{A7D1916D-28D7-499F-8BBD-CFE1FC3EB2CC}.Debug|x86.ActiveCfg = Debug|Win32
		{A7D1916D-28D7-499F-8BBD-CFE1FC3EB2CC}.Debug|x86.Build.0 = Debug|Win32
		{A7D1916D-28D7-499F-8BBD-CFE1FC3EB2CC}.Release|x64.ActiveCfg = Release|x64
		{A7D1916D-28D7-499F-8BBD-CFE1FC3EB2CC}.Release|x64.Build.0 = Release|x64
		{A7D1916D-28D7-499F-8BBD-CFE1FC3EB2CC}.Release|x86.ActiveCfg = Release|Win32
		{A7D1916D-28D7-499F-8BBD-CFE1FC3EB2CC}.Release|x86.Build.0 = Release|Win32
		{E9428977-13F8-4502-B5C0-0B4B33C9FFB6}.Debug|x64.ActiveCfg = Debug|x64
		{E9428977-13F8-4502-B5C0-0B4B33C9FFB6}.Debug|x64.Build.0 = Debug|x64
		{E9428977-13F8-4502-B5C0-0B4B33C9FFB6}.Debug|x86.ActiveCfg = Debug|Win32
		{E9428977-13F8-4502-B5C0-0B4B33C9FFB6}.Debug|x86.Build.0 = Debug|Win32
		{E9428977-13F8-4502-B5C0-0B4B33C9FFB6}.Release|x64.ActiveCfg = Release|x64
		{E9428977-13F8-4502-B5C0-0B4B33C9FFB6}.Release|x64.Build.0 = Release|x64
		{E9428977-13F8-4502-B5C0-0B4B33C9FFB6}.Release|x86.ActiveCfg = Release|Win32
		{E9428977-13F8-4502-B5C0-0B4B33C9FFB6}.Release|x86.Build.0 = Release|Win32
		{CB71B436-873B-4369-B0B7-D318363B7F6C}.Debug|x64.ActiveCfg = Debug|x64
		{CB71B436-873B-4369-B0B7-D318363B7F6C}.Debug|x64.Build.0 = Debug|x64
		{CB71B436-873B-4369-B0B7-D318363B7F6C}.Debug|x86.ActiveCfg = Debug|Win32
		{CB71B436-873B-4369-B0B7-D318363B7F6C}.Debug|x86.Build.0 = Debug|Win32
		{CB71B436-873B-4369-B0B7-D318363B7F6C}.Release|x64.ActiveCfg = Release|x64
		{CB71B436-873B-4369-B0B7-D318363B7F6C}.Release|x64.Build.0 = Release|x64
		{CB71B436-873B-4369-B0B7-D318363B7F6C}.Release|x86.ActiveCfg = Release|Win32
		{CB71B436-873B-4369-B0B7-D318363B7F6C}.Release|x86.Build.0 = Release|Win32
		{D9538FAE-821C-4951-9850-1AE83AE9EA84}.Debug|x64.ActiveCfg = Debug|x64
		{D9538FAE-821C-4951-9850-1AE83AE9EA84}.Debug|x64.Build.0 = Debug|x64
		{D9538FAE-821C-4951-9850-1AE83AE9EA84}.Debug|x86.ActiveCfg = Debug|Win32
		{D9538FAE-821C-4951-9850-1AE83AE9EA84}.Debug|x86.Build.0 = Debug|Win32
		{D9538FAE-821C-4951-9850-1AE83AE9EA84}.Release|x64.ActiveCfg = Release|x64
		{D9538FAE-821C-4951-9850-1AE83AE9EA84}.Release|x64.Build.0 = Release|x64
		{D9538FAE-821C-4951-9850-1AE83AE9EA84}.Release|x86.ActiveCfg = Release|Win32
		{D9538FAE-821C-4951-9850-1AE83AE9EA84}.Release|x86.Build.0 = Release|Win32
		{2A264FB9-2D37-41B7-BCF1-7AAB918B5620}.Debug|x64.ActiveCfg = Debug|x64
		{2A264FB9-2D37-41B7-BCF1-7AAB918B5620}.Debug|x64.Build.0 = Debug|x64
		{2A264FB9-2D37-41B7-BCF1-7AAB918B5620}.Debug|x86.ActiveCfg = Debug|Win32
		{2A264FB9-2D37-41B7-BCF1-7AAB918B5620}.Debug|x86.Build.0 = Debug|Win32
		{2A264FB9-2D37-41B7-BCF1-7AAB918B5620}.Release|x64.ActiveCfg = Release|x64
		{2A264FB9-2D37-41B7-BCF1-7AAB918B5620}.Release|x64.Build.0 = Release|x64
		{2A264FB9-2D37-41B7-BCF1-7AAB918B5620}.Release|x86.ActiveCfg = Release|Win32
		{2A264FB9-2D37-41B7-BCF1-7AAB918B5620}.Release|x86.Build.0 = Release|Win32
		{510DDCB5-CC62-4728-A44C-C3F5A11E878A}.Debug|x64.ActiveCfg = Debug|x64
		{510DDCB5-CC62-4728-A44C-C3F5A11E878A}.Debug|x64.Build.0 = Debug|x64
		{510DDCB5-CC62-4728-A44C-C3F5A11E878A}.Debug|x86.ActiveCfg = Debug|Win32
		{510DDCB5-CC62-4728-A44C-C3F5A11E878A}.Debug|x86.Build.0 = Debug|Win32
		{510DDCB5-CC62-4728-A44C-C3F5A11E878A}.Release|x64.ActiveCfg = Release|x64
		{510DDCB5-CC62-4728-A44C-C3F5A11E878A}.Release|x64.Build.0 = Release|x64
		{510DDCB5-CC62-4728-A44C-C3F5A11E878A}.Release|x86.ActiveCfg = Release|Win32
		{510DDCB5-CC62-4728-A44C-C3F5A11E878A}.Release|x86.Build.0 = Release|Win32
		{A30D754A-6D5F-4018-BCD9-B7B2BBA3391D}.Debug|x64.ActiveCfg = Debug|x64
		{A30D754A-6D5F-4018-BCD9-B7B2BBA3391D}.Debug|x64.Build.0 = Debug|x64
		{A30D754A-6D5F-4018-BCD9-B7B2BBA3391D}.Debug|x86.ActiveCfg = Debug|Win32
		{A30D754A-6D5F-4018-BCD9-B7B2BBA3391D}.Debug|x86.Build.0 = Debug|Win32
		{A30D754A-6D5F-4018-BCD9-B7B2BBA3391D}.Release|x64.ActiveCfg = Release|x64
		{A30D754A-6D5F-4018-BCD9-B7B2BBA3391D}.Release|x64.Build.0 = Release|x64
		{A30D754A-6D5F-4018-BCD9-B7B2BBA3391D}.Release|x86.ActiveCfg = Release|Win32
		{A30D754A-6D5F-4018-BCD9-B7B2BBA3391D}.Release|x86.Build.0 = Release|Win32
		{7C7FE1F2-F434-4688-8C2D-139E370E3447}.Debug|x64.ActiveCfg = Debug|x64
		{7C7FE1F2-F434-4688-8C2D-139E370E3447}.Debug|x64.Build.0 = Debug|x64
		{7C7FE1F2-F434-4688-8C2D-139E370E3447}.Debug|x86.ActiveCfg = Debug|Win32
		{7C7FE1F2-F434-4688-8C2D-139E370E3447}.Debug|x86.Build.0 = Debug|Win32
		{7C7FE1F2-F434-4688-8C2D-139E370E3447}.Release|x64.ActiveCfg = Release|x64
		{7C7FE1F2-F434-4688-8C2D-139E370E3447}.Release|x64.Build.0 = Release|x64
		{7C7FE1F2-F434-4688-8C2D-139E370E3447}.Release|x86.ActiveCfg = Release|Win32
		{7C7FE1F2-F434-4688-8C2D-139E370E3447}.Release|x86.Build.0 = Release|Win32
		{4AE04AF5-6F0D-4412-9B58-89AE8FB313AE}.Debug|x64.ActiveCfg = Debug|x64
		{4AE04AF5-6F0D-4412-9B58-89AE8FB313AE}.Debug|x64.Build.0 = Debug|x64
		{4AE04AF5-6F0D-4412-9B58-89AE8FB313AE}.Debug|x86.ActiveCfg = Debug|Win32
		{4AE04AF5-6F0D-4412-9B58-89AE8FB313AE}.Debug|x86.Build.0 = Debug|Win32
		{4AE04AF5-6F0D-4412-9B58-89AE8FB313AE}.Release|x64.ActiveCfg = Release|x64
		{4AE04AF5-6F0D-4412-9B58-89AE8FB313AE}.Release|x64.Build.0 = Release|x64
		{4AE04AF5-6F0D-4412-9B58-89AE8FB313AE}.Release|x86.ActiveCfg = Release|Win32
		{4AE04AF5-6F0D-4412-9B58-89AE8FB313AE}.Release|x86.Build.0 = Release|Win32
		{9010A5EE-8FB6-451A-B093-F1FD5791A879}.Debug|x64.ActiveCfg = Debug|x64
		{9010A5EE-8FB6-451A-B093-F1FD5791A879}.Debug|x64.Build.0 = Debug|x64
		{9010A5EE-8FB6-451A-B093-F1FD5791A879}.Debug|x86.ActiveCfg = Debug|Win32
		{9010A5EE-8FB6-451A-B093-F1FD5791A879}.Debug|x86.Build.0 = Debug|Win32
		{9010A5EE-8FB6-451A-B093-F1FD5791A879}.Release|x64.ActiveCfg = Release|x64
		{9010A5EE-8FB6-451A-B093-F1FD5791A879}.Release|x64.Build.0 = Release|x64
		{9010A5EE-8FB6-451A-B093-F1FD5791A879}.Release|x86.ActiveCfg = Release|Win32
		{9010A5EE-8FB6-451A-B093-F1FD5791A879}.Release|x86.Build.0 = Release|Win32
		{1ACA25DC-2EA2-4FCD-8CD7-EE191644FFDD}.Debug|x64.ActiveCfg = Debug|x64
		{1ACA25DC-2EA2-4FCD-8CD7-EE191644FFDD}.Debug|x64.Build.0 = Debug|x64
		{1ACA25DC-2EA2-4FCD-8CD7-EE191644FFDD}.Debug|x86.ActiveCfg = Debug|Win32
		{1ACA25DC-2EA2-4FCD-8CD7-EE191644FFDD}.Debug|x86.Build.0 = Debug|Win32
		{1ACA25DC-2EA2-4FCD-8CD7-EE191644FFDD}.Release|x64.ActiveCfg = Release|x64
		{1ACA25DC-2EA2-4FCD-8CD7-EE191644FFDD}.Release|x64.Build.0 = Release|x64
		{1ACA25DC-2EA2-4FCD-8CD7-EE191644FFDD}.Release|x86.ActiveCfg = Release|Win32
		{1ACA25DC-2EA2-4FCD-8CD7-EE191644FFDD}.Release|x86.Build.0 = Release|Win32
		{A6A2004A-6E3D-4822-9517-9CBD7E4DEF82}.Debug|x64.ActiveCfg = Debug|x64
		{A6A2004A-6E3D-4822-9517-9CBD7E4DEF82}.Debug|x64.Build.0 = Debug|x64
		{A6A2004A-6E3D-4822-9517-9CBD7E4DEF82}.Debug|x86.ActiveCfg = Debug|Win32
		{A6A2004A-6E3D-4822-9517-9CBD7E4DEF82}.Debug|x86.Build.0 = Debug|Win32
		{A6A2004A-6E3D-4822-9517-9CBD7E4DEF82}.Release|x64.ActiveCfg = Release|x64
		{A6A2004A-6E3D-4822-9517-9CBD7E4DEF82}.Release|x64.Build.0 = Release|x64
		{A6A2004A-6E3D-4822-9517-9CBD7E4DEF82}.Release|x86.ActiveCfg = Release|Win32
		{A6A2004A-6E3D-4822-9517-9CBD7E4DEF82}.Release|x86.Build.0 = Release|Win32
		{850BFA65-B8BA-4453-A528-A519C6B73E18}.Debug|x64.ActiveCfg = Debug|x64
		{850BFA65-B8BA-4453-A528-A519C6B73E18}.Debug|x64.Build.0 = Debug|x64
		{850BFA65-B8BA-4453-A528-A519C6B73E18}.Debug|x86.ActiveCfg = Debug|Win32
		{850BFA65-B8BA-4453-A528-A519C6B73E18}.Debug|x86.Build.0 = Debug|Win32
		{850BFA65-B8BA-4453-A528-A519C6B73E18}.Release|x64.ActiveCfg = Release|x64
		{850BFA65-B8BA-4453-A528-A519C6B73E18}.Release|x64.Build.0 = Release|x64
		{850BFA65-B8BA-4453-A528-A519C6B73E18}.Release|x86.ActiveCfg = Release|Win32
		{850BFA65-B8BA-4453-A528-A519C6B73E18}.Release|x86.Build.0 = Release|Win32
		{0BF479C1-9E9C-4CBD-8C28-D7024A2DEEF7}.Debug|x64.ActiveCfg = Debug|x64
		{0BF479C1-9E9C-4CBD-8C28-D7024A2DEEF7}.Debug|x64.Build.0 = Debug|x64
		{0BF479C1-9E9C-4CBD-8C28-D7024A2DEEF7}.Debug|x86.ActiveCfg = Debug|Win32
		{0BF479C1-9E9C-4CBD-8C28-D7024A2DEEF7}.Debug|x86.Build.0 = Debug|Win32
		{0BF479C1-9E9C-4CBD-8C28-D7024A2DEEF7}.Release|x64.ActiveCfg = Release|x64
		{0BF479C1-9E9C-4CBD-8C28-D7024A2DEEF7}.Release|x64.Build.0 = Release|x64
		{0BF479C1-9E9C-4CBD-8C28-D7024A2DEEF7}.Release|x86.ActiveCfg = Release|Win32
		{0BF479C1-9E9C-4CBD-8C28-D7024A2DEEF7}.Release|x86.Build.0 = Release|Win32
		{F880EE31-B0CF-44AD-9BB1-99E46F2D1CDC}.Debug|x64.ActiveCfg = Debug|x64
		{F880EE31-B0CF-44AD-9BB1-99E46F2D1CDC}.Debug|x64.Build.0 = Debug|x64
		{F880EE31-B0CF-44AD-9BB1-99E46F2D1CDC}.Debug|x86.ActiveCfg = Debug|Win32
		{F880EE31-B0CF-44AD-9BB1-99E46F2D1CDC}.Debug|x86.Build.0 = Debug|Win32
		{F880EE31-B0CF-44AD-9BB1-99E46F2D1CDC}.Release|x64.ActiveCfg = Release|x64
		{F880EE31-B0CF-44AD-9BB1-99E46F2D1CDC}.Release|x64.Build.0 = Release|x64
		{F880EE31-B0CF-44AD-9BB1-99E46F2D1CDC}.Release|x86.ActiveCfg = Release|Win32
		{F880EE31-B0CF-44AD-9BB1-99E46F2D1CDC}.Release|x86.Build.0 = Release|Win32
		{9BBA4F4F-7C0A-45C1-9CD4-CBE5ED470CEB}.Debug|x64.ActiveCfg = Debug|x64
		{9BBA4F4F-7C0A-45C1-9CD4-CBE5ED470CEB}.Debug|x64.Build.0 = Debug|x64
		{9BBA4F4F-7C0A-45C1-9CD4-CBE5ED470CEB}.Debug|x86.ActiveCfg = Debug|Win32
		{9BBA4F4F-7C0A-45C1-9CD4-CBE5ED470CEB}.Debug|x86.Build.0 = Debug|Win32
		{9BBA4F4F-7C0A-45C1-9CD4-CBE5ED470CEB}.Release|x64.ActiveCfg = Release|x64
		{9BBA4F4F-7C0A-45C1-9CD4-CBE5ED470CEB}.Release|x64.Build.0 = Release|x64
		{9BBA4F4F-7C0A-45C1-9CD4-CBE5ED470CEB}.Release|x86.ActiveCfg = Release|Win32
		{9BBA4F4F-7C0A-45C1-9CD4-CBE5ED470CEB}.Release|x86.Build.0 = Release|Win32
		{5BDE9DFD-2742-49C3-8A70-843D5A89275F}.Debug|x64.ActiveCfg = Debug|x64
		{5BDE9DFD-2742-49C3-8A70-843D5A89275F}.Debug|x64.Build.0 = Debug|x64
		{5BDE9DFD-2742-49C3-8A70-843D5A89275F}.Debug|x86.ActiveCfg = Debug|Win32
		{5BDE9DFD-2742-49C3-8A70-843D5A89275F}.Debug|x86.Build.0 = Debug|Win32
		{5BDE9DFD-2742-49C3-8A70-843D5A89275F}.Release|x64.ActiveCfg = Release|x64
		{5BDE9DFD-2742-49C3-8A70-843D5A89275F}.Release|x64.Build.0 = Release|x64
		{5BDE9DFD-2742-49C3-8A70-843D5A89275F}.Release|x86.ActiveCfg = Release|Win32
		{5BDE9DFD-2742-49C3-8A70-843D5A89275F}.Release|x86.Build.0 = Release|Win32
		{90B82DCE-C88A-40C7-9BC3-179B9AD10E59}.Debug|x64.ActiveCfg = Debug|x64
		{90B82DCE-C88A-40C7-9BC3-179B9AD10E59}.Debug|x64.Build.0 = Debug|x64
		{90B82DCE-C88A-40C7-9BC3-179B9AD10E59}.Debug|x86.ActiveCfg = Debug|Win32
		{90B82DCE-C88A-40C7-9BC3-179B9AD10E59}.Debug|x86.Build.0 = Debug|Win32
		{90B82DCE-C88A-40C7-9BC3-179B9AD10E59}.Release|x64.ActiveCfg = Release|x64
		{90B82DCE-C88A-40C7-9BC3-179B9AD10E59}.Release|x64.Build.0 = Release|x64
		{90B82DCE-C88A-40C7-9BC3-179B9AD10E59}.Release|x86.ActiveCfg = Release|Win32
		{90B82DCE-C88A-40C7-9BC3-179B9AD10E59}.Release|x86.Build.0 = Release|Win32
		{ADC5D610-4129-4EF1-BF25-D594D9AACABF}.Debug|x64.ActiveCfg = Debug|x64
		{ADC5D610-4129-4EF1-BF25-D594D9AACABF}.Debug|x64.Build.0 = Debug|x64
		{ADC5D610-4129-4EF1-BF25-D594D9AACABF}.Debug|x86.ActiveCfg = Debug|Win32
		{ADC5D610-4129-4EF1-BF25-D594D9AACABF}.Debug|x86.Build.0 = Debug|Win32
		{ADC5D610-4129-4EF1-BF25-D594D9AACABF}.Release|x64.ActiveCfg = Release|x64
		{ADC5D610-4129-4EF1-BF25-D594D9AACABF}.Release|x64.Build.0 = Release|x64
		{ADC5D610-4129-4EF1-BF25-D594D9AACABF}.Release|x86.ActiveCfg = Release|Win32
		{ADC5D610-4129-4EF1-BF25-D594D9AACABF}.Release|x86.Build.0 = Release|Win32
		{5649A7A5-D6E0-4B4F-B136-CBE979BDDB00}.Debug|x64.ActiveCfg = Debug|x64
		{5649A7A5-D6E0-4B4F-B136-CBE979BDDB00}.Debug|x64.Build.0 = Debug|x64
		{5649A7A5-D6E0-4B4F-B136-CBE979BDDB00}.Debug|x86.ActiveCfg = Debug|Win32
		{5649A7A5-D6E0-4B4F-B136-CBE979BDDB00}.Debug|x86.Build.0 = Debug|Win32
		{5649A7A5-D6E0-4B4F-B136-CBE979BDDB00}.Release|x64.ActiveCfg = Release|x64
		{5649A7A5-D6E0-4B4F-B136-CBE979BDDB00}.Release|x64.Build.0 = Release|x64
		{5649A7A5-D6E0-4B4F-B136-CBE979BDDB00}.Release|x86.ActiveCfg = Release|Win32
		{5649A7A5-D6E0-4B4F-B136-CBE979BDDB00}.Release|x86.Build.0 = Release|Win32
		{A46F3651-390F-462A-A5F6-59F27292D69F}.Debug|x64.ActiveCfg = Debug|x64
		{A46F3651-390F-462A-A5F6-59F27292D69F}.Debug|x64.Build.0 = Debug|x64
		{A46F3651-390F-462A-A5F6-59F27292D69F}.Debug|x86.ActiveCfg = Debug|Win32
		{A46F3651-390F-462A-A5F6-59F27292D69F}.Debug|x86.Build.0 = Debug|Win32
		{A46F3651-390F-462A-A5F6-59F27292D69F}.Release|x64.ActiveCfg = Release|x64
		{A46F3651-390F-462A-A5F6-59F27292D69F}.Release|x64.Build.0 = Release|x64
		{A46F3651-390F-462A-A5F6-59F27292D69F}.Release|x86.ActiveCfg = Release|Win32
		{A46F3651-390F-462A-A5F6-59F27292D69F}.Release|x86.Build.0 = Release|Win32
		{62297F5D-C3A5-49F3-9B38-F24549EB0CD2}.Debug|x64.ActiveCfg = Debug|x64
		{62297F5D-C3A5-49F3-9B38-F24549EB0CD2}.Debug|x64.Build.0 = Debug|x64
		{62297F5D-C3A5-49F3-9B38-F24549EB0CD2}.Debug|x86.ActiveCfg = Debug|Win32
		{62297F5D-C3A5-49F3-9B38-F24549EB0CD2}.Debug|x86.Build.0 = Debug|Win32
		{62297F5D-C3A5-49F3-9B38-F24549EB0CD2}.Release|x64.ActiveCfg = Release|x64
		{62297F5D-C3A5-49F3-9B38-F24549EB0CD2}.Release|x64.Build.0 = Release|x64
		{62297F5D-C3A5-49F3-9B38-F24549EB0CD2}.Release|x86.ActiveCfg = Release|Win32
		{62297F5D-C3A5-49F3-9B38-F24549EB0CD2}.Release|x86.Build.0 = Release|Win32
		{E617B6F7-ACB5-4BE0-83AC-E20336DABAC8}.Debug|x64.ActiveCfg = Debug|x64
		{E617B6F7-ACB5-4BE0-83AC-E20336DABAC8}.Debug|x64.Build.0 = Debug|x64
		{E617B6F7-ACB5-4BE0-83AC-E20336DABAC8}.Debug|x86.ActiveCfg = Debug|Win32
		{E617B6F7-ACB5-4BE0-83AC-E20336DABAC8}.Debug|x86.Build.0 = Debug|Win32
		{E617B6F7-ACB5-4BE0-83AC-E20336DABAC8}.Release|x64.ActiveCfg = Release|x64
		{E617B6F7-ACB5-4BE0-83AC-E20336DABAC8}.Release|x64.Build.0 = Release|x64
		{E617B6F7-ACB5-4BE0-83AC-E20336DABAC8}.Release|x86.ActiveCfg = Release|Win32
		{E617B6F7-ACB5-4BE0-83AC-E20336DABAC8}.Release|x86.Build.0 = Release|Win32
		{80756CC2-8359-4AB8-9A94-B8CE51C14010}.Debug|x64.ActiveCfg = Debug|x64
		{80756CC2-8359-4AB8-9A94-B8CE51C14010}.Debug|x64.Build.0 = Debug|x64
		{80756CC2-8359-4AB8-9A94-B8CE51C14010}.Debug|x86.ActiveCfg = Debug|Win32
		{80756CC2-8359-4AB8-9A94-B8CE51C14010}.Debug|x86.Build.0 = Debug|Win32
		{80756CC2-8359-4AB8-9A94-B8CE51C14010}.Release|x64.ActiveCfg = Release|x64
		{80756CC2-8359-4AB8-9A94-B8CE51C14010}.Release|x64.Build.0 = Release|x64
		{80756CC2-8359-4AB8-9A94-B8CE51C14010}.Release|x86.ActiveCfg = Release|Win32
		{80756CC2-8359-4AB8-9A94-B8CE51C14010}.Release|x86.Build.0 = Release|Win32
		{3F7F8FBD-3A96-49A2-90F5-CCD04F5945CE}.Debug|x64.ActiveCfg = Debug|x64
		{3F7F8FBD-3A96-49A2-90F5-CCD04F5945CE}.Debug|x64.Build.0 = Debug|x64
		{3F7F8FBD-3A96-49A2-90F5-CCD04F5945CE}.Debug|x86.ActiveCfg = Debug|Win32
		{3F7F8FBD-3A96-49A2-90F5-CCD04F5945CE}.Debug|x86.Build.0 = Debug|Win32
		{3F7F8FBD-3A96-49A2-90F5-CCD04F5945CE}.Release|x64.ActiveCfg = Release|x64
		{3F7F8FBD-3A96-49A2-90F5-CCD04F5945CE}.Release|x64.Build.0 = Release|x64
		{3F7F8FBD-3A96-49A2-90F5-CCD04F5945CE}.Release|x86.ActiveCfg = Release|Win32
		{3F7F8FBD-3A96-49A2-90F5-CCD04F5945CE}.Release|x86.Build.0 = Release|Win32
		{85F83C9D-9336-4A7E-BB03-F95954A0A8D5}.Debug|x64.ActiveCfg = Debug|x64
		{85F83C9D-9336-4A7E-BB03-F95954A0A8D5}.Debug|x64.Build.0 = Debug|x64
		{85F83C9D-9336-4A7E-BB03-F95954A0A8D5}.Debug|x86.ActiveCfg = Debug|Win32
		{85F83C9D-9336-4A7E-BB03-F95954A0A8D5}.Debug|x86.Build.0 = Debug|Win32
		{85F83C9D-9336-4A7E-BB03-F95954A0A8D5}.Release|x64.ActiveCfg = Release|x64
		{85F83C9D-9336-4A7E-BB03-F95954A0A8D5}.Release|x64.Build.0 = Release|x64
		{85F83C9D-9336-4A7E-BB03-F95954A0A8D5}.Release|x86.ActiveCfg = Release|Win32
		{85F83C9D-9336-4A7E-BB03-F95954A0A8D5}.Release|x86.Build.0 = Release|Win32
		{E6B3EFA0-D792-4137-ACCF-11A5FBD03ADE}.Debug|x64.ActiveCfg = Debug|x64
		{E6B3EFA0-D792-4137-ACCF-11A5FBD03ADE}.Debug|x64.Build.0 = Debug|x64
		{E6B3EFA0-D792-4137-ACCF-11A5FBD03ADE}.Debug|x86.ActiveCfg = Debug|Win32
		{E6B3EFA0-D792-4137-ACCF-11A5FBD03ADE}.Debug|x86.Build.0 = Debug|Win32
		{E6B3EFA0-D792-4137-ACCF-11A5FBD03ADE}.Release|x64.ActiveCfg = Release|x64
		{E6B3EFA0-D792-4137-ACCF-11A5FBD03ADE}.Release|x64.Build.0 = Release|x64
		{E6B3EFA0-D792-4137-ACCF-11A5FBD03ADE}.Release|x86.ActiveCfg = Release|Win32
		{E6B3EFA0-D792-4137-ACCF-11A5FBD03ADE}.Release|x86.Build.0 = Release|Win32
		{D9D6B1FF-C888-4CCD-9C7F-6B3CC84D8B0E}.Debug|x64.ActiveCfg = Debug|x64
		{D9D6B1FF-C888-4CCD-9C7F-6B3CC84D8B0E}.Debug|x64.Build.0 = Debug|x64
		{D9D6B1FF-C888-4CCD-9C7F-6B3CC84D8B0E}.Debug|x86.ActiveCfg = Debug|Win32
		{D9D6B1FF-C888-4CCD-9C7F-6B3CC84D8B0E}.Debug|x86.Build.0 = Debug|Win32
		{D9D6B1FF-C888-4CCD-9C7F-6B3CC84D8B0E}.Release|x64.ActiveCfg = Release|x64
		{D9D6B1FF-C888-4CCD-9C7F-6B3CC84D8B0E}.Release|x64.Build.0 = Release|x64
		{D9D6B1FF-C888-4CCD-9C7F-6B3CC84D8B0E}.Release|x86.ActiveCfg = Release|Win32
		{D9D6B1FF-C888-4CCD-9C7F-6B3CC84D8B0E}.Release|x86.Build.0 = Release|Win32
		{F857DCA0-0DC4-4C5E-8089-34F0951CA15A}.Debug|x64.ActiveCfg = Debug|x64
		{F857DCA0-0DC4-4C5E-8089-34F0951CA15A}.Debug|x64.Build.0 = Debug|x64
		{F857DCA0-0DC4-4C5E-8089-34F0951CA15A}.Debug|x86.ActiveCfg = Debug|Win32
		{F857DCA0-0DC4-4C5E-8089-34F0951CA15A}.Debug|x86.Build.0 = Debug|Win32
		{F857DCA0-0DC4-4C5E-8089-34F0951CA15A}.Release|x64.ActiveCfg = Release|x64
		{F857DCA0-0DC4-4C5E-8089-34F0951CA15A}.Release|x64.Build.0 = Release|x64
		{F857DCA0-0DC4-4C5E-8089-34F0951CA15A}.Release|x86.ActiveCfg = Release|Win32
		{F857DCA0-0DC4-4C5E-8089-34F0951CA15A}.Release|x86.Build.0 = Release|Win32
		{C89F1FF0-DD83-4967-B164-06EBC1F8A8FE}.Debug|x64.ActiveCfg = Debug|x64
		{C89F1FF0-DD83-4967-B164-06EBC1F8A8FE}.Debug|x64.Build.0 = Debug|x64
		{C89F1FF0-DD83-4967-B164-06EBC1F8A8FE}.Debug|x86.ActiveCfg = Debug|Win32
		{C89F1FF0-DD83-4967-B164-06EBC1F8A8FE}.Debug|x86.Build.0 = Debug|Win32
		{C89F1FF0-DD83-4967-B164-06EBC1F8A8FE}.Release|x64.ActiveCfg = Release|x64
		{C89F1FF0-DD83-4967-B164-06EBC1F8A8FE}.Release|x64.Build.0 = Release|x64
		{C89F1FF0-DD83-4967-B164-06EBC1F8A8FE}.Release|x86.ActiveCfg = Release|Win32
		{C89F1FF0-DD83-4967-B164-06EBC1F8A8FE}.Release|x86.Build.0 = Release|Win32
		{758A353D-D880-4186-AFD6-1CF56E27DAA0}.Debug|x64.ActiveCfg = Debug|x64
		{758A353D-D880-4186-AFD6-1CF56E27DAA0}.Debug|x64.Build.0 = Debug|x64
		{758A353D-D880-4186-AFD6-1CF56E27DAA0}.Debug|x86.ActiveCfg = Debug|Win32
		{758A353D-D880-4186-AFD6-1CF56E27DAA0}.Debug|x86.Build.0 = Debug|Win32
		{758A353D-D880-4186-AFD6-1CF56E27DAA0}.Release|x64.ActiveCfg = Release|x64
		{758A353D-D880-4186-AFD6-1CF56E27DAA0}.Release|x64.Build.0 = Release|x64
		{758A353D-D880-4186-AFD6-1CF56E27DAA0}.Release|x86.ActiveCfg = Release|Win32
		{758A353D-D880-4186-AFD6-1CF56E27DAA0}.Release|x86.Build.0 = Release|Win32
		{2A6B34E3-B5B6-4149-BC5E-928E8BB13AB3}.Debug|x64.ActiveCfg = Debug|x64
		{2A6B34E3-B5B6-4149-BC5E-928E8BB13AB3}.Debug|x64.Build.0 = Debug|x64
		{2A6B34E3-B5B6-4149-BC5E-928E8BB13AB3}.Debug|x86.ActiveCfg = Debug|Win32
		{2A6B34E3-B5B6-4149-BC5E-928E8BB13AB3}.Debug|x86.Build.0 = Debug|Win32
		{2A6B34E3-B5B6-4149-BC5E-928E8BB13AB3}.Release|x64.ActiveCfg = Release|x64
		{2A6B34E3-B5B6-4149-BC5E-928E8BB13AB3}.Release|x64.Build.0 = Release|x64
		{2A6B34E3-B5B6-4149-BC5E-928E8BB13AB3}.Release|x86.ActiveCfg = Release|Win32
		{2A6B34E3-B5B6-4149-BC5E-928E8BB13AB3}.Release|x86.Build.0 = Release|Win32
		{9C5D8F36-9A54-4CB4-9544-BBC07F44A474}.Debug|x64.ActiveCfg = Debug|x64
		{9C5D8F36-9A54-4CB4-9544-BBC07F44A474}.Debug|x64.Build.0 = Debug|x64
		{9C5D8F36-9A54-4CB4-9544-BBC07F44A474}.Debug|x86.ActiveCfg = Debug|Win32
		{9C5D8F36-9A54-4CB4-9544-BBC07F44A474}.Debug|x86.Build.0 = Debug|Win32
		{9C5D8F36-9A54-4CB4-9544-BBC07F44A474}.Release|x64.ActiveCfg = Release|x64
		{9C5D8F36-9A54-4CB4-9544-BBC07F44A474}.Release|x64.Build.0 = Release|x64
		{9C5D8F36-9A54-4CB4-9544-BBC07F44A474}.Release|x86.ActiveCfg = Release|Win32
		{9C5D8F36-9A54-4CB4-9544-BBC07F44A474}.Release|x86.Build.0 = Release|Win32
		{4D6C247E-1A06-45C3-96C2-68F1FE50F13D}.Debug|x64.ActiveCfg = Debug|x64
		{4D6C247E-1A06-45C3-96C2-68F1FE50F13D}.Debug|x64.Build.0 = Debug|x64
		{4D6C247E-1A06-45C3-96C2-68F1FE50F13D}.Debug|x86.ActiveCfg = Debug|Win32
		{4D6C247E-1A06-45C3-96C2-68F1FE50F13D}.Debug|x86.Build.0 = Debug|Win32
		{4D6C247E-1A06-45C3-96C2-68F1FE50F13D}.Release|x64.ActiveCfg = Release|x64
		{4D6C247E-1A06-45C3-96C2-68F1FE50F13D}.Release|x64.Build.0 = Release|x64
		{4D6C247E-1A06-45C3-96C2-68F1FE50F13D}.Release|x86.ActiveCfg = Release|Win32
		{4D6C247E-1A06-45C3-96C2-68F1FE50F13D}.Release|x86.Build.0 = Release|Win32
		{59F8784C-89F1-494D-B651-A1C4A9933992}.Debug|x64.ActiveCfg = Debug|x64
		{59F8784C-89F1-494D-B651-A1C4A9933992}.Debug|x64.Build.0 = Debug|x64
		{59F8784C-89F1-494D-B651-A1C4A9933992}.Debug|x86.ActiveCfg = Debug|Win32
		{59F8784C-89F1-494D-B651-A1C4A9933992}.Debug|x86.Build.0 = Debug|Win32
		{59F8784C-89F1-494D-B651-A1C4A9933992}.Release|x64.ActiveCfg = Release|x64
		{59F8784C-89F1-494D-B651-A1C4A9933992}.Release|x64.Build.0 = Release|x64
		{59F8784C-89F1-494D-B651-A1C4A9933992}.Release|x86.ActiveCfg = Release|Win32
		{59F8784C-89F1-494D-B651-A1C4A9933992}.Release|x86.Build.0 = Release|Win32
		{33D63790-D33F-40E1-B09A-4169454F7CE9}.Debug|x64.ActiveCfg = Debug|x64
		{33D63790-D33F-40E1-B09A-4169454F7CE9}.Debug|x64.Build.0 = Debug|x64
		{33D63790-D33F-40E1-B09A-4169454F7CE9}.Debug|x86.ActiveCfg = Debug|Win32
		{33D63790-D33F-40E1-B09A-4169454F7CE9}.Debug|x86.Build.0 = Debug|Win32
		{33D63790-D33F-40E1-B09A-4169454F7CE9}.Release|x64.ActiveCfg = Release|x64
		{33D63790-D33F-40E1-B09A-4169454F7CE9}.Release|x64.Build.0 = Release|x64
		{33D63790-D33F-40E1-B09A-4169454F7CE9}.Release|x86.ActiveCfg = Release|Win32
		{33D63790-D33F-40E1-B09A-4169454F7CE9}.Release|x86.Build.0 = Release|Win32
		{488DF022-F0EC-4976-B661-7E615E670036}.Debug|x64.ActiveCfg = Debug|x64
		{488DF022-F0EC-4976-B661-7E615E670036}.Debug|x64.Build.0 = Debug|x64
		{488DF022-F0EC-4976-B661-7E615E670036}.Debug|x86.ActiveCfg = Debug|Win32
		{488DF022-F0EC-4976-B661-7E615E670036}.Debug|x86.Build.0 = Debug|Win32
		{488DF022-F0EC-4976-B661-7E615E670036}.Release|x64.ActiveCfg = Release|x64
		{488DF022-F0EC-4976-B661-7E615E670036}.Release|x64.Build.0 = Release|x64
		{488DF022-F0EC-4976-B661-7E615E670036}.Release|x86.ActiveCfg = Release|Win32
		{488DF022-F0EC-4976-B661-7E615E670036}.Release|x86.Build.0 = Release|Win32
		{7E1830C6-18B5-4D86-8849-F5E9DF805DCB}.Debug|x64.ActiveCfg = Debug|x64
		{7E1830C6-18B5-4D86-8849-F5E9DF805DCB}.Debug|x64.Build.0 = Debug|x64
		{7E1830C6-18B5-4D86-8849-F5E9DF805DCB}.Debug|x86.ActiveCfg = Debug|Win32
		{7E1830C6-18B5-4D86-8849-F5E9DF805DCB}.Debug|x86.Build.0 = Debug|Win32
		{7E1830C6-18B5-4D86-8849-F5E9DF805DCB}.Release|x64.ActiveCfg = Release|x64
		{7E1830C6-18B5-4D86-8849-F5E9DF805DCB}.Release|x64.Build.0 = Release|x64
		{7E1830C6-18B5-4D86-8849-F5E9DF805DCB}.Release|x86.ActiveCfg = Release|Win32
		{7E1830C6-18B5-4D86-8849-F5E9DF805DCB}.Release|x86.Build.0 = Release|Win32
		{C49B5AD0-B04C-4746-AB7D-EDECEB06F642}.Debug|x64.ActiveCfg = Debug|x64
		{C49B5AD0-B04C-4746-AB7D-EDECEB06F642}.Debug|x64.Build.0 = Debug|x64
		{C49B5AD0-B04C-4746-AB7D-EDECEB06F642}.Debug|x86.ActiveCfg = Debug|Win32
		{C49B5AD0-B04C-4746-AB7D-EDECEB06F642}.Debug|x86.Build.0 = Debug|Win32
		{C49B5AD0-B04C-4746-AB7D-EDECEB06F642}.Release|x64.ActiveCfg = Release|x64
		{C49B5AD0-B04C-4746-AB7D-EDECEB06F642}.Release|x64.Build.0 = Release|x64
		{C49B5AD0-B04C-4746-AB7D-EDECEB06F642}.Release|x86.ActiveCfg = Release|Win32
		{C49B5AD0-B04C-4746-AB7D-EDECEB06F642}.Release|x86.Build.0 = Release|Win32
		{3F4C45BE-0741-40BC-802C-9B4756C4D850}.Debug|x64.ActiveCfg = Debug|x64
		{3F4C45BE-0741-40BC-802C-9B4756C4D850}.Debug|x64.Build.0 = Debug|x64
		{3F4C45BE-0741-40BC-802C-9B4756C4D850}.Debug|x86.ActiveCfg = Debug|Win32
		{3F4C45BE-0741-40BC-802C-9B4756C4D850}.Debug|x86.Build.0 = Debug|Win32
		{3F4C45BE-0741-40BC-802C-9B4756C4D850}.Release|x64.ActiveCfg = Release|x64
		{3F4C45BE-0741-40BC-802C-9B4756C4D850}.Release|x64.Build.0 = Release|x64
		{3F4C45BE-0741-40BC-802C-9B4756C4D850}.Release|x86.ActiveCfg = Release|Win32
		{3F4C45BE-0741-40BC-802C-9B4756C4D850}.Release|x86.Build.0 = Release|Win32
		{62A82064-C343-4FEB-822C-124180701818}.Debug|x64.ActiveCfg = Debug|x64
		{62A82064-C343-4FEB-822C-124180701818}.Debug|x64.Build.0 = Debug|x64
		{62A82064-C343-4FEB-822C-124180701818}.Debug|x86.ActiveCfg = Debug|Win32
		{62A82064-C343-4FEB-822C-124180701818}.Debug|x86.Build.0 = Debug|Win32
		{62A82064-C343-4FEB-822C-124180701818}.Release|x64.ActiveCfg = Release|x64
		{62A82064-C343-4FEB-822C-124180701818}.Release|x64.Build.0 = Release|x64
		{62A82064-C343-4FEB-822C-124180701818}.Release|x86.ActiveCfg = Release|Win32
		{62A82064-C343-4FEB-822C-124180701818}.Release|x86.Build.0 = Release|Win32
		{47E3CB8B-13F4-4B9C-A1AB-12CA4375D11A}.Debug|x64.ActiveCfg = Debug|x64
		{47E3CB8B-13F4-4B9C-A1AB-12CA4375D11A}.Debug|x64.Build.0 = Debug|x64
		{47E3CB8B-13F4-4B9C-A1AB-12CA4375D11A}.Debug|x86.ActiveCfg = Debug|Win32
		{47E3CB8B-13F4-4B9C-A1AB-12CA4375D11A}.Debug|x86.Build.0 = Debug|Win32
		{47E3CB8B-13F4-4B9C-A1AB-12CA4375D11A}.Release|x64.ActiveCfg = Release|x64
		{47E3CB8B-13F4-4B9C-A1AB-12CA4375D11A}.Release|x64.Build.0 = Release|x64
		{47E3CB8B-13F4-4B9C-A1AB-12CA4375D11A}.Release|x86.ActiveCfg = Release|Win32
		{47E3CB8B-13F4-4B9C-A1AB-12CA4375D11A}.Release|x86.Build.0 = Release|Win32
	EndGlobalSection
	GlobalSection(SolutionProperties) = preSolution
		HideSolutionNode = FALSE
	EndGlobalSection
	GlobalSection(ExtensibilityGlobals) = postSolution
		SolutionGuid = {81F7587B-5804-4685-9D1D-F21C918C28ED}
	EndGlobalSection
EndGlobal
